
Microsoft Visual Studio Solution File, Format Version 12.00
# Visual Studio 15
VisualStudioVersion = 15.0.27703.2000
MinimumVisualStudioVersion = 10.0.40219.1
Project("{FAE04EC0-301F-11D3-BF4B-00C04F79EFBC}") = "Game", "Game\Game.csproj", "{1C8CB1C9-3471-41D8-B9D3-5CA9C55C9282}"
EndProject
Project("{FAE04EC0-301F-11D3-BF4B-00C04F79EFBC}") = "Game.App", "Game.App\Game.App.csproj", "{BFB0DE50-5C4D-4615-BB66-2FBEF36A969E}"
EndProject
Global
	GlobalSection(SolutionConfigurationPlatforms) = preSolution
		Debug|Any CPU = Debug|Any CPU
		Release|Any CPU = Release|Any CPU
	EndGlobalSection
	GlobalSection(ProjectConfigurationPlatforms) = postSolution
		{1C8CB1C9-3471-41D8-B9D3-5CA9C55C9282}.Debug|Any CPU.ActiveCfg = Debug|Any CPU
		{1C8CB1C9-3471-41D8-B9D3-5CA9C55C9282}.Debug|Any CPU.Build.0 = Debug|Any CPU
		{1C8CB1C9-3471-41D8-B9D3-5CA9C55C9282}.Release|Any CPU.ActiveCfg = Release|Any CPU
		{1C8CB1C9-3471-41D8-B9D3-5CA9C55C9282}.Release|Any CPU.Build.0 = Release|Any CPU
		{BFB0DE50-5C4D-4615-BB66-2FBEF36A969E}.Debug|Any CPU.ActiveCfg = Debug|Any CPU
		{BFB0DE50-5C4D-4615-BB66-2FBEF36A969E}.Debug|Any CPU.Build.0 = Debug|Any CPU
		{BFB0DE50-5C4D-4615-BB66-2FBEF36A969E}.Release|Any CPU.ActiveCfg = Release|Any CPU
		{BFB0DE50-5C4D-4615-BB66-2FBEF36A969E}.Release|Any CPU.Build.0 = Release|Any CPU
	EndGlobalSection
	GlobalSection(SolutionProperties) = preSolution
		HideSolutionNode = FALSE
	EndGlobalSection
	GlobalSection(ExtensibilityGlobals) = postSolution
		SolutionGuid = {8C40822E-F8FC-483C-B0CF-74B99FD3345C}
	EndGlobalSection
EndGlobal
